
Microsoft Visual Studio Solution File, Format Version 12.00
# Visual Studio Version 16
VisualStudioVersion = 16.0.31727.386
MinimumVisualStudioVersion = 10.0.40219.1
Project("{FAE04EC0-301F-11D3-BF4B-00C04F79EFBC}") = "Task5", "Task5\Task5.csproj", "{ABF7C1BF-4D79-4B50-B48D-631A0D9B22C8}"
EndProject
Global
	GlobalSection(SolutionConfigurationPlatforms) = preSolution
		Debug|Any CPU = Debug|Any CPU
		Release|Any CPU = Release|Any CPU
	EndGlobalSection
	GlobalSection(ProjectConfigurationPlatforms) = postSolution
		{ABF7C1BF-4D79-4B50-B48D-631A0D9B22C8}.Debug|Any CPU.ActiveCfg = Debug|Any CPU
		{ABF7C1BF-4D79-4B50-B48D-631A0D9B22C8}.Debug|Any CPU.Build.0 = Debug|Any CPU
		{ABF7C1BF-4D79-4B50-B48D-631A0D9B22C8}.Release|Any CPU.ActiveCfg = Release|Any CPU
		{ABF7C1BF-4D79-4B50-B48D-631A0D9B22C8}.Release|Any CPU.Build.0 = Release|Any CPU
	EndGlobalSection
	GlobalSection(SolutionProperties) = preSolution
		HideSolutionNode = FALSE
	EndGlobalSection
	GlobalSection(ExtensibilityGlobals) = postSolution
		SolutionGuid = {ACB57126-9369-402F-9DBC-0AAB2F6FAA7B}
	EndGlobalSection
EndGlobal
