
Microsoft Visual Studio Solution File, Format Version 12.00
# Visual Studio Version 16
VisualStudioVersion = 16.0.31727.386
MinimumVisualStudioVersion = 10.0.40219.1
Project("{FAE04EC0-301F-11D3-BF4B-00C04F79EFBC}") = "Task8", "Task8\Task8.csproj", "{F37A5485-4E7A-4583-80CE-7A4A6E20AE44}"
EndProject
Global
	GlobalSection(SolutionConfigurationPlatforms) = preSolution
		Debug|Any CPU = Debug|Any CPU
		Release|Any CPU = Release|Any CPU
	EndGlobalSection
	GlobalSection(ProjectConfigurationPlatforms) = postSolution
		{F37A5485-4E7A-4583-80CE-7A4A6E20AE44}.Debug|Any CPU.ActiveCfg = Debug|Any CPU
		{F37A5485-4E7A-4583-80CE-7A4A6E20AE44}.Debug|Any CPU.Build.0 = Debug|Any CPU
		{F37A5485-4E7A-4583-80CE-7A4A6E20AE44}.Release|Any CPU.ActiveCfg = Release|Any CPU
		{F37A5485-4E7A-4583-80CE-7A4A6E20AE44}.Release|Any CPU.Build.0 = Release|Any CPU
	EndGlobalSection
	GlobalSection(SolutionProperties) = preSolution
		HideSolutionNode = FALSE
	EndGlobalSection
	GlobalSection(ExtensibilityGlobals) = postSolution
		SolutionGuid = {E2C61253-A80A-4370-B348-6E55DC224237}
	EndGlobalSection
EndGlobal
