
Microsoft Visual Studio Solution File, Format Version 12.00
# Visual Studio Version 17
VisualStudioVersion = 17.1.32210.238
MinimumVisualStudioVersion = 10.0.40219.1
Project("{FAE04EC0-301F-11D3-BF4B-00C04F79EFBC}") = "Task4", "Task4\Task4.csproj", "{2B815CCF-A534-47CA-B000-5D379C718DF8}"
EndProject
Global
	GlobalSection(SolutionConfigurationPlatforms) = preSolution
		Debug|Any CPU = Debug|Any CPU
		Release|Any CPU = Release|Any CPU
	EndGlobalSection
	GlobalSection(ProjectConfigurationPlatforms) = postSolution
		{2B815CCF-A534-47CA-B000-5D379C718DF8}.Debug|Any CPU.ActiveCfg = Debug|Any CPU
		{2B815CCF-A534-47CA-B000-5D379C718DF8}.Debug|Any CPU.Build.0 = Debug|Any CPU
		{2B815CCF-A534-47CA-B000-5D379C718DF8}.Release|Any CPU.ActiveCfg = Release|Any CPU
		{2B815CCF-A534-47CA-B000-5D379C718DF8}.Release|Any CPU.Build.0 = Release|Any CPU
	EndGlobalSection
	GlobalSection(SolutionProperties) = preSolution
		HideSolutionNode = FALSE
	EndGlobalSection
	GlobalSection(ExtensibilityGlobals) = postSolution
		SolutionGuid = {E5A34EA0-2F02-4D1E-BB95-2AA226D44E61}
	EndGlobalSection
EndGlobal
