
Microsoft Visual Studio Solution File, Format Version 12.00
# Visual Studio Version 16
VisualStudioVersion = 16.0.31727.386
MinimumVisualStudioVersion = 10.0.40219.1
Project("{FAE04EC0-301F-11D3-BF4B-00C04F79EFBC}") = "Task3", "Task3\Task3.csproj", "{F093353A-76A9-4E86-A8CE-BA0B8B66F049}"
EndProject
Global
	GlobalSection(SolutionConfigurationPlatforms) = preSolution
		Debug|Any CPU = Debug|Any CPU
		Release|Any CPU = Release|Any CPU
	EndGlobalSection
	GlobalSection(ProjectConfigurationPlatforms) = postSolution
		{F093353A-76A9-4E86-A8CE-BA0B8B66F049}.Debug|Any CPU.ActiveCfg = Debug|Any CPU
		{F093353A-76A9-4E86-A8CE-BA0B8B66F049}.Debug|Any CPU.Build.0 = Debug|Any CPU
		{F093353A-76A9-4E86-A8CE-BA0B8B66F049}.Release|Any CPU.ActiveCfg = Release|Any CPU
		{F093353A-76A9-4E86-A8CE-BA0B8B66F049}.Release|Any CPU.Build.0 = Release|Any CPU
	EndGlobalSection
	GlobalSection(SolutionProperties) = preSolution
		HideSolutionNode = FALSE
	EndGlobalSection
	GlobalSection(ExtensibilityGlobals) = postSolution
		SolutionGuid = {F2B4E721-8976-44D8-AFEA-B1530FD8E8AE}
	EndGlobalSection
EndGlobal
